
Microsoft Visual Studio Solution File, Format Version 12.00
# Visual Studio Version 16
VisualStudioVersion = 16.0.29806.167
MinimumVisualStudioVersion = 10.0.40219.1
Project("{FAE04EC0-301F-11D3-BF4B-00C04F79EFBC}") = "Weknow.Extensions.Configuration.Consul", "Weknow.Extensions.Configuration.Consul\Weknow.Extensions.Configuration.Consul.csproj", "{264B9C1D-7BD1-4CA7-874D-564BFA708EFC}"
EndProject
Project("{2150E333-8FDC-42A3-9474-1A3956D46DE8}") = "Solution Items", "Solution Items", "{C9559739-DA2D-4F5F-944F-BF2D5E1F14A8}"
	ProjectSection(SolutionItems) = preProject
		ReadMe.md = ReadMe.md
	EndProjectSection
EndProject
Global
	GlobalSection(SolutionConfigurationPlatforms) = preSolution
		Debug|Any CPU = Debug|Any CPU
		Release|Any CPU = Release|Any CPU
	EndGlobalSection
	GlobalSection(ProjectConfigurationPlatforms) = postSolution
		{264B9C1D-7BD1-4CA7-874D-564BFA708EFC}.Debug|Any CPU.ActiveCfg = Debug|Any CPU
		{264B9C1D-7BD1-4CA7-874D-564BFA708EFC}.Debug|Any CPU.Build.0 = Debug|Any CPU
		{264B9C1D-7BD1-4CA7-874D-564BFA708EFC}.Release|Any CPU.ActiveCfg = Release|Any CPU
		{264B9C1D-7BD1-4CA7-874D-564BFA708EFC}.Release|Any CPU.Build.0 = Release|Any CPU
	EndGlobalSection
	GlobalSection(SolutionProperties) = preSolution
		HideSolutionNode = FALSE
	EndGlobalSection
	GlobalSection(ExtensibilityGlobals) = postSolution
		SolutionGuid = {1FCB10CC-2EF5-4BED-9E94-C13FC712FE7A}
	EndGlobalSection
EndGlobal
